{
  "name": "onlineptgeknyilvrendszere",
  "version": "1.0.0",
  "lockfileVersion": 2,
  "requires": true,
  "packages": {
    "": {
      "name": "onlineptgeknyilvrendszere",
      "version": "1.0.0",
      "license": "ISC",
      "dependencies": {
        "react-dropdown": "^1.9.2"
      }
    },
    "node_modules/classnames": {
      "version": "2.3.1",
      "resolved": "https://registry.npmjs.org/classnames/-/classnames-2.3.1.tgz",
      "integrity": "sha512-OlQdbZ7gLfGarSqxesMesDa5uz7KFbID8Kpq/SxIoNGDqY8lSYs0D+hhtBXhcdB3rcbXArFr7vlHheLk1voeNA=="
    },
    "node_modules/react-dropdown": {
      "version": "1.9.2",
      "resolved": "https://registry.npmjs.org/react-dropdown/-/react-dropdown-1.9.2.tgz",
      "integrity": "sha512-g4eufErTi5P5T5bGK+VmLl//qvAHy79jm6KKx8G2Tl3mG90bpigb+Aw85P+C2JUdAnIIQdv8kP/oHN314GvAfw==",
      "dependencies": {
        "classnames": "^2.2.3"
      },
      "peerDependencies": {
        "react": "^0.14.7 || ^15.0.0-0 || ^16.0.0 || ^17.0.0",
        "react-dom": "^0.14.7 || ^15.0.0-0 || ^16.0.0 || ^17.0.0"
      }
    }
  },
  "dependencies": {
    "classnames": {
      "version": "2.3.1",
      "resolved": "https://registry.npmjs.org/classnames/-/classnames-2.3.1.tgz",
      "integrity": "sha512-OlQdbZ7gLfGarSqxesMesDa5uz7KFbID8Kpq/SxIoNGDqY8lSYs0D+hhtBXhcdB3rcbXArFr7vlHheLk1voeNA=="
    },
    "react-dropdown": {
      "version": "1.9.2",
      "resolved": "https://registry.npmjs.org/react-dropdown/-/react-dropdown-1.9.2.tgz",
      "integrity": "sha512-g4eufErTi5P5T5bGK+VmLl//qvAHy79jm6KKx8G2Tl3mG90bpigb+Aw85P+C2JUdAnIIQdv8kP/oHN314GvAfw==",
      "requires": {
        "classnames": "^2.2.3"
      }
    }
  }
}
