
Microsoft Visual Studio Solution File, Format Version 12.00
# Visual Studio Version 16
VisualStudioVersion = 16.0.31112.23
MinimumVisualStudioVersion = 10.0.40219.1
Project("{9A19103F-16F7-4668-BE54-9A1E7A4F7556}") = "Szakdoga", "Szakdoga.csproj", "{CAAD610E-229E-4266-B34D-981086F13D6B}"
EndProject
Global
	GlobalSection(SolutionConfigurationPlatforms) = preSolution
		Debug|Any CPU = Debug|Any CPU
		Release|Any CPU = Release|Any CPU
	EndGlobalSection
	GlobalSection(ProjectConfigurationPlatforms) = postSolution
		{CAAD610E-229E-4266-B34D-981086F13D6B}.Debug|Any CPU.ActiveCfg = Release|Any CPU
		{CAAD610E-229E-4266-B34D-981086F13D6B}.Debug|Any CPU.Build.0 = Release|Any CPU
		{CAAD610E-229E-4266-B34D-981086F13D6B}.Release|Any CPU.ActiveCfg = Release|Any CPU
	EndGlobalSection
	GlobalSection(SolutionProperties) = preSolution
		HideSolutionNode = FALSE
	EndGlobalSection
	GlobalSection(ExtensibilityGlobals) = postSolution
		SolutionGuid = {1109DE3B-46E8-4B39-A5CE-74E99CA7CF52}
	EndGlobalSection
EndGlobal
